
Microsoft Visual Studio Solution File, Format Version 12.00
# Visual Studio Version 17
VisualStudioVersion = 17.4.33103.184
MinimumVisualStudioVersion = 10.0.40219.1
Project("{9A19103F-16F7-4668-BE54-9A1E7A4F7556}") = "PlaceService.Api", "src\PlaceService.Api\PlaceService.Api.csproj", "{E0BE07D3-B143-41C1-A1A8-F6110D90CC64}"
EndProject
Project("{FAE04EC0-301F-11D3-BF4B-00C04F79EFBC}") = "PlaceService.Domain", "src\PlaceService.Domain\PlaceService.Domain.csproj", "{0665E373-6100-4DBF-BA79-C1CB2486B83B}"
EndProject
Project("{FAE04EC0-301F-11D3-BF4B-00C04F79EFBC}") = "PlaceService.Infrastructure", "src\PlaceService.Infrastructure\PlaceService.Infrastructure.csproj", "{933D06A8-A910-44C2-9B41-8616EA15F31E}"
EndProject
Project("{FAE04EC0-301F-11D3-BF4B-00C04F79EFBC}") = "PlaceService.Application", "src\PlaceService.Core\PlaceService.Application.csproj", "{2B585421-AF82-4D04-8073-2CF5AF795735}"
EndProject
Global
	GlobalSection(SolutionConfigurationPlatforms) = preSolution
		Debug|Any CPU = Debug|Any CPU
		Release|Any CPU = Release|Any CPU
	EndGlobalSection
	GlobalSection(ProjectConfigurationPlatforms) = postSolution
		{E0BE07D3-B143-41C1-A1A8-F6110D90CC64}.Debug|Any CPU.ActiveCfg = Debug|Any CPU
		{E0BE07D3-B143-41C1-A1A8-F6110D90CC64}.Debug|Any CPU.Build.0 = Debug|Any CPU
		{E0BE07D3-B143-41C1-A1A8-F6110D90CC64}.Release|Any CPU.ActiveCfg = Release|Any CPU
		{E0BE07D3-B143-41C1-A1A8-F6110D90CC64}.Release|Any CPU.Build.0 = Release|Any CPU
		{0665E373-6100-4DBF-BA79-C1CB2486B83B}.Debug|Any CPU.ActiveCfg = Debug|Any CPU
		{0665E373-6100-4DBF-BA79-C1CB2486B83B}.Debug|Any CPU.Build.0 = Debug|Any CPU
		{0665E373-6100-4DBF-BA79-C1CB2486B83B}.Release|Any CPU.ActiveCfg = Release|Any CPU
		{0665E373-6100-4DBF-BA79-C1CB2486B83B}.Release|Any CPU.Build.0 = Release|Any CPU
		{933D06A8-A910-44C2-9B41-8616EA15F31E}.Debug|Any CPU.ActiveCfg = Debug|Any CPU
		{933D06A8-A910-44C2-9B41-8616EA15F31E}.Debug|Any CPU.Build.0 = Debug|Any CPU
		{933D06A8-A910-44C2-9B41-8616EA15F31E}.Release|Any CPU.ActiveCfg = Release|Any CPU
		{933D06A8-A910-44C2-9B41-8616EA15F31E}.Release|Any CPU.Build.0 = Release|Any CPU
		{2B585421-AF82-4D04-8073-2CF5AF795735}.Debug|Any CPU.ActiveCfg = Debug|Any CPU
		{2B585421-AF82-4D04-8073-2CF5AF795735}.Debug|Any CPU.Build.0 = Debug|Any CPU
		{2B585421-AF82-4D04-8073-2CF5AF795735}.Release|Any CPU.ActiveCfg = Release|Any CPU
		{2B585421-AF82-4D04-8073-2CF5AF795735}.Release|Any CPU.Build.0 = Release|Any CPU
	EndGlobalSection
	GlobalSection(SolutionProperties) = preSolution
		HideSolutionNode = FALSE
	EndGlobalSection
	GlobalSection(ExtensibilityGlobals) = postSolution
		SolutionGuid = {8A55748A-3193-434F-8F90-72EF4E984E96}
	EndGlobalSection
EndGlobal
